
Microsoft Visual Studio Solution File, Format Version 12.00
# Visual Studio Version 17
VisualStudioVersion = 17.6.33723.286
MinimumVisualStudioVersion = 10.0.40219.1
Project("{FAE04EC0-301F-11D3-BF4B-00C04F79EFBC}") = "ConsoleApp1", "ConsoleApp1\ConsoleApp1.csproj", "{74D29D3F-B643-4782-9AC2-2836D26EAD56}"
EndProject
Global
	GlobalSection(SolutionConfigurationPlatforms) = preSolution
		Debug|Any CPU = Debug|Any CPU
		Release|Any CPU = Release|Any CPU
	EndGlobalSection
	GlobalSection(ProjectConfigurationPlatforms) = postSolution
		{74D29D3F-B643-4782-9AC2-2836D26EAD56}.Debug|Any CPU.ActiveCfg = Debug|Any CPU
		{74D29D3F-B643-4782-9AC2-2836D26EAD56}.Debug|Any CPU.Build.0 = Debug|Any CPU
		{74D29D3F-B643-4782-9AC2-2836D26EAD56}.Release|Any CPU.ActiveCfg = Release|Any CPU
		{74D29D3F-B643-4782-9AC2-2836D26EAD56}.Release|Any CPU.Build.0 = Release|Any CPU
	EndGlobalSection
	GlobalSection(SolutionProperties) = preSolution
		HideSolutionNode = FALSE
	EndGlobalSection
	GlobalSection(ExtensibilityGlobals) = postSolution
		SolutionGuid = {515A0127-78A9-4DD0-A28B-1D3274530099}
	EndGlobalSection
EndGlobal
